
Microsoft Visual Studio Solution File, Format Version 12.00
# Visual Studio 15
VisualStudioVersion = 15.0.28307.102
MinimumVisualStudioVersion = 10.0.40219.1
Project("{888888A0-9F3D-457C-B088-3A5042F75D52}") = "cctv", "cctv\cctv.pyproj", "{B53949BD-20A8-4542-90B6-B92F55D2CD4F}"
EndProject
Global
	GlobalSection(SolutionConfigurationPlatforms) = preSolution
		Debug|Any CPU = Debug|Any CPU
		Release|Any CPU = Release|Any CPU
	EndGlobalSection
	GlobalSection(ProjectConfigurationPlatforms) = postSolution
		{B53949BD-20A8-4542-90B6-B92F55D2CD4F}.Debug|Any CPU.ActiveCfg = Debug|Any CPU
		{B53949BD-20A8-4542-90B6-B92F55D2CD4F}.Release|Any CPU.ActiveCfg = Release|Any CPU
	EndGlobalSection
	GlobalSection(SolutionProperties) = preSolution
		HideSolutionNode = FALSE
	EndGlobalSection
	GlobalSection(ExtensibilityGlobals) = postSolution
		SolutionGuid = {C4D41386-E979-42D2-9A90-3D4740EF7A0B}
	EndGlobalSection
EndGlobal
