
Microsoft Visual Studio Solution File, Format Version 12.00
# Visual Studio 15
VisualStudioVersion = 15.0.28307.102
MinimumVisualStudioVersion = 10.0.40219.1
Project("{888888A0-9F3D-457C-B088-3A5042F75D52}") = "Stock", "Stock\Stock.pyproj", "{563C5067-8C2C-43E4-9D6A-FD5D60879C75}"
EndProject
Global
	GlobalSection(SolutionConfigurationPlatforms) = preSolution
		Debug|Any CPU = Debug|Any CPU
		Release|Any CPU = Release|Any CPU
	EndGlobalSection
	GlobalSection(ProjectConfigurationPlatforms) = postSolution
		{563C5067-8C2C-43E4-9D6A-FD5D60879C75}.Debug|Any CPU.ActiveCfg = Debug|Any CPU
		{563C5067-8C2C-43E4-9D6A-FD5D60879C75}.Release|Any CPU.ActiveCfg = Release|Any CPU
	EndGlobalSection
	GlobalSection(SolutionProperties) = preSolution
		HideSolutionNode = FALSE
	EndGlobalSection
	GlobalSection(ExtensibilityGlobals) = postSolution
		SolutionGuid = {53AE85B2-7994-451C-8965-1AD99B821E31}
	EndGlobalSection
EndGlobal
